# THIS IS AN AUTOGENERATED FILE. DO NOT EDIT THIS FILE DIRECTLY.
# yarn lockfile v1


"@types/node@*":
  version "20.14.2"
  resolved "https://registry.yarnpkg.com/@types/node/-/node-20.14.2.tgz#a5f4d2bcb4b6a87bffcaa717718c5a0f208f4a18"
  integrity sha512-xyu6WAMVwv6AKFLB+e/7ySZVr/0zLCzOa7rSpq6jNwpqOrUbcACDWC+53d4n2QHOnDou0fbIsg8wZu/sxrnI4Q==
  dependencies:
    undici-types "~5.26.4"

chrome-launcher@^1.1.1:
  version "1.1.1"
  resolved "https://registry.yarnpkg.com/chrome-launcher/-/chrome-launcher-1.1.1.tgz#17b7302aaf951d79ac3910de377425c915913c94"
  integrity sha512-OAQgBmpUzrIuShApIwOpjt7WFripGKcDMW/qeYU+kcl6jBPg87mRG+N2C3Vu+VeCVPqZ/ds3GfI2TK7tpz3Yyw==
  dependencies:
    "@types/node" "*"
    escape-string-regexp "^4.0.0"
    is-wsl "^2.2.0"
    lighthouse-logger "^2.0.1"

debug@^2.6.9:
  version "2.6.9"
  resolved "https://registry.yarnpkg.com/debug/-/debug-2.6.9.tgz#5d128515df134ff327e90a4c93f4e077a536341f"
  integrity sha512-bC7ElrdJaJnPbAP+1EotYvqZsb3ecl5wi6Bfi6BJTUcNowp6cvspg0jXznRTKDjm/E7AdgFBVeAPVMNcKGsHMA==
  dependencies:
    ms "2.0.0"

escape-string-regexp@^4.0.0:
  version "4.0.0"
  resolved "https://registry.yarnpkg.com/escape-string-regexp/-/escape-string-regexp-4.0.0.tgz#14ba83a5d373e3d311e5afca29cf5bfad965bf34"
  integrity sha512-TtpcNJ3XAzx3Gq8sWRzJaVajRs0uVxA2YAkdb1jm2YkPz4G6egUFAyA3n5vtEIZefPk5Wa4UXbKuS5fKkJWdgA==

is-docker@^2.0.0:
  version "2.2.1"
  resolved "https://registry.yarnpkg.com/is-docker/-/is-docker-2.2.1.tgz#33eeabe23cfe86f14bde4408a02c0cfb853acdaa"
  integrity sha512-F+i2BKsFrH66iaUFc0woD8sLy8getkwTwtOBjvs56Cx4CgJDeKQeqfz8wAYiSb8JOprWhHH5p77PbmYCvvUuXQ==

is-wsl@^2.2.0:
  version "2.2.0"
  resolved "https://registry.yarnpkg.com/is-wsl/-/is-wsl-2.2.0.tgz#74a4c76e77ca9fd3f932f290c17ea326cd157271"
  integrity sha512-fKzAra0rGJUUBwGBgNkHZuToZcn+TtXHpeCgmkMJMMYx1sQDYaCSyjJBSCa2nH1DGm7s3n1oBnohoVTBaN7Lww==
  dependencies:
    is-docker "^2.0.0"

lighthouse-logger@^2.0.1:
  version "2.0.1"
  resolved "https://registry.yarnpkg.com/lighthouse-logger/-/lighthouse-logger-2.0.1.tgz#48895f639b61cca89346bb6f47f7403a3895fa02"
  integrity sha512-ioBrW3s2i97noEmnXxmUq7cjIcVRjT5HBpAYy8zE11CxU9HqlWHHeRxfeN1tn8F7OEMVPIC9x1f8t3Z7US9ehQ==
  dependencies:
    debug "^2.6.9"
    marky "^1.2.2"

marky@^1.2.2:
  version "1.2.5"
  resolved "https://registry.yarnpkg.com/marky/-/marky-1.2.5.tgz#55796b688cbd72390d2d399eaaf1832c9413e3c0"
  integrity sha512-q9JtQJKjpsVxCRVgQ+WapguSbKC3SQ5HEzFGPAJMStgh3QjCawp00UKv3MTTAArTmGmmPUvllHZoNbZ3gs0I+Q==

ms@2.0.0:
  version "2.0.0"
  resolved "https://registry.yarnpkg.com/ms/-/ms-2.0.0.tgz#5608aeadfc00be6c2901df5f9861788de0d597c8"
  integrity sha512-Tpp60P6IUJDTuOq/5Z8cdskzJujfwqfOTkrwIwj7IRISpnkJnT6SyJ4PCPnGMoFjC9ddhal5KVIYtAt97ix05A==

undici-types@~5.26.4:
  version "5.26.5"
  resolved "https://registry.yarnpkg.com/undici-types/-/undici-types-5.26.5.tgz#bcd539893d00b56e964fd2657a4866b221a65617"
  integrity sha512-JlCMO+ehdEIKqlFxk6IfVoAUVmgz7cU7zD/h9XZ0qzeosSHmUJVOzSQvvYSYWXkFXC+IfLKSIffhv0sVZup6pA==
